// !$*UTF8*$!
{
	archiveVersion = 1;
	classes = {
	};
	objectVersion = 50;
	objects = {

/* Begin PBXBuildFile section */
		55AB5241232109BA000B576B /* AppDelegate.m in Sources */ = {isa = PBXBuildFile; fileRef = 55AB5240232109BA000B576B /* AppDelegate.m */; };
		55AB5244232109BA000B576B /* ViewController.m in Sources */ = {isa = PBXBuildFile; fileRef = 55AB5243232109BA000B576B /* ViewController.m */; };
		55AB5247232109BA000B576B /* Main.storyboard in Resources */ = {isa = PBXBuildFile; fileRef = 55AB5245232109BA000B576B /* Main.storyboard */; };
		55AB524A232109BA000B576B /* ZHEmptyChecking.xcdatamodeld in Sources */ = {isa = PBXBuildFile; fileRef = 55AB5248232109BA000B576B /* ZHEmptyChecking.xcdatamodeld */; };
		55AB524C232109BD000B576B /* Assets.xcassets in Resources */ = {isa = PBXBuildFile; fileRef = 55AB524B232109BD000B576B /* Assets.xcassets */; };
		55AB524F232109BD000B576B /* LaunchScreen.storyboard in Resources */ = {isa = PBXBuildFile; fileRef = 55AB524D232109BD000B576B /* LaunchScreen.storyboard */; };
		55AB5252232109BD000B576B /* main.m in Sources */ = {isa = PBXBuildFile; fileRef = 55AB5251232109BD000B576B /* main.m */; };
		55AB525A23210A08000B576B /* NSString+ZHEmptyChecking.m in Sources */ = {isa = PBXBuildFile; fileRef = 55AB525923210A08000B576B /* NSString+ZHEmptyChecking.m */; };
/* End PBXBuildFile section */

/* Begin PBXFileReference section */
		55AB523C232109BA000B576B /* ZHEmptyChecking.app */ = {isa = PBXFileReference; explicitFileType = wrapper.application; includeInIndex = 0; path = ZHEmptyChecking.app; sourceTree = BUILT_PRODUCTS_DIR; };
		55AB523F232109BA000B576B /* AppDelegate.h */ = {isa = PBXFileReference; lastKnownFileType = sourcecode.c.h; path = AppDelegate.h; sourceTree = "<group>"; };
		55AB5240232109BA000B576B /* AppDelegate.m */ = {isa = PBXFileReference; lastKnownFileType = sourcecode.c.objc; path = AppDelegate.m; sourceTree = "<group>"; };
		55AB5242232109BA000B576B /* ViewController.h */ = {isa = PBXFileReference; lastKnownFileType = sourcecode.c.h; path = ViewController.h; sourceTree = "<group>"; };
		55AB5243232109BA000B576B /* ViewController.m */ = {isa = PBXFileReference; lastKnownFileType = sourcecode.c.objc; path = ViewController.m; sourceTree = "<group>"; };
		55AB5246232109BA000B576B /* Base */ = {isa = PBXFileReference; lastKnownFileType = file.storyboard; name = Base; path = Base.lproj/Main.storyboard; sourceTree = "<group>"; };
		55AB5249232109BA000B576B /* ZHEmptyChecking.xcdatamodel */ = {isa = PBXFileReference; lastKnownFileType = wrapper.xcdatamodel; path = ZHEmptyChecking.xcdatamodel; sourceTree = "<group>"; };
		55AB524B232109BD000B576B /* Assets.xcassets */ = {isa = PBXFileReference; lastKnownFileType = folder.assetcatalog; path = Assets.xcassets; sourceTree = "<group>"; };
		55AB524E232109BD000B576B /* Base */ = {isa = PBXFileReference; lastKnownFileType = file.storyboard; name = Base; path = Base.lproj/LaunchScreen.storyboard; sourceTree = "<group>"; };
		55AB5250232109BD000B576B /* Info.plist */ = {isa = PBXFileReference; lastKnownFileType = text.plist.xml; path = Info.plist; sourceTree = "<group>"; };
		55AB5251232109BD000B576B /* main.m */ = {isa = PBXFileReference; lastKnownFileType = sourcecode.c.objc; path = main.m; sourceTree = "<group>"; };
		55AB525823210A08000B576B /* NSString+ZHEmptyChecking.h */ = {isa = PBXFileReference; fileEncoding = 4; lastKnownFileType = sourcecode.c.h; path = "NSString+ZHEmptyChecking.h"; sourceTree = "<group>"; };
		55AB525923210A08000B576B /* NSString+ZHEmptyChecking.m */ = {isa = PBXFileReference; fileEncoding = 4; lastKnownFileType = sourcecode.c.objc; path = "NSString+ZHEmptyChecking.m"; sourceTree = "<group>"; };
/* End PBXFileReference section */

/* Begin PBXFrameworksBuildPhase section */
		55AB5239232109BA000B576B /* Frameworks */ = {
			isa = PBXFrameworksBuildPhase;
			buildActionMask = 2147483647;
			files = (
			);
			runOnlyForDeploymentPostprocessing = 0;
		};
/* End PBXFrameworksBuildPhase section */

/* Begin PBXGroup section */
		55AB5233232109BA000B576B = {
			isa = PBXGroup;
			children = (
				55AB523E232109BA000B576B /* ZHEmptyChecking */,
				55AB523D232109BA000B576B /* Products */,
			);
			sourceTree = "<group>";
		};
		55AB523D232109BA000B576B /* Products */ = {
			isa = PBXGroup;
			children = (
				55AB523C232109BA000B576B /* ZHEmptyChecking.app */,
			);
			name = Products;
			sourceTree = "<group>";
		};
		55AB523E232109BA000B576B /* ZHEmptyChecking */ = {
			isa = PBXGroup;
			children = (
				55AB523F232109BA000B576B /* AppDelegate.h */,
				55AB5240232109BA000B576B /* AppDelegate.m */,
				55AB5242232109BA000B576B /* ViewController.h */,
				55AB5243232109BA000B576B /* ViewController.m */,
				55AB525823210A08000B576B /* NSString+ZHEmptyChecking.h */,
				55AB525923210A08000B576B /* NSString+ZHEmptyChecking.m */,
				55AB5245232109BA000B576B /* Main.storyboard */,
				55AB524B232109BD000B576B /* Assets.xcassets */,
				55AB524D232109BD000B576B /* LaunchScreen.storyboard */,
				55AB5250232109BD000B576B /* Info.plist */,
				55AB5251232109BD000B576B /* main.m */,
				55AB5248232109BA000B576B /* ZHEmptyChecking.xcdatamodeld */,
			);
			path = ZHEmptyChecking;
			sourceTree = "<group>";
		};
/* End PBXGroup section */

/* Begin PBXNativeTarget section */
		55AB523B232109BA000B576B /* ZHEmptyChecking */ = {
			isa = PBXNativeTarget;
			buildConfigurationList = 55AB5255232109BD000B576B /* Build configuration list for PBXNativeTarget "ZHEmptyChecking" */;
			buildPhases = (
				55AB5238232109BA000B576B /* Sources */,
				55AB5239232109BA000B576B /* Frameworks */,
				55AB523A232109BA000B576B /* Resources */,
			);
			buildRules = (
			);
			dependencies = (
			);
			name = ZHEmptyChecking;
			productName = ZHEmptyChecking;
			productReference = 55AB523C232109BA000B576B /* ZHEmptyChecking.app */;
			productType = "com.apple.product-type.application";
		};
/* End PBXNativeTarget section */

/* Begin PBXProject section */
		55AB5234232109BA000B576B /* Project object */ = {
			isa = PBXProject;
			attributes = {
				LastUpgradeCheck = 1010;
				ORGANIZATIONNAME = gallon;
				TargetAttributes = {
					55AB523B232109BA000B576B = {
						CreatedOnToolsVersion = 10.1;
					};
				};
			};
			buildConfigurationList = 55AB5237232109BA000B576B /* Build configuration list for PBXProject "ZHEmptyChecking" */;
			compatibilityVersion = "Xcode 9.3";
			developmentRegion = en;
			hasScannedForEncodings = 0;
			knownRegions = (
				en,
				Base,
			);
			mainGroup = 55AB5233232109BA000B576B;
			productRefGroup = 55AB523D232109BA000B576B /* Products */;
			projectDirPath = "";
			projectRoot = "";
			targets = (
				55AB523B232109BA000B576B /* ZHEmptyChecking */,
			);
		};
/* End PBXProject section */

/* Begin PBXResourcesBuildPhase section */
		55AB523A232109BA000B576B /* Resources */ = {
			isa = PBXResourcesBuildPhase;
			buildActionMask = 2147483647;
			files = (
				55AB524F232109BD000B576B /* LaunchScreen.storyboard in Resources */,
				55AB524C232109BD000B576B /* Assets.xcassets in Resources */,
				55AB5247232109BA000B576B /* Main.storyboard in Resources */,
			);
			runOnlyForDeploymentPostprocessing = 0;
		};
/* End PBXResourcesBuildPhase section */

/* Begin PBXSourcesBuildPhase section */
		55AB5238232109BA000B576B /* Sources */ = {
			isa = PBXSourcesBuildPhase;
			buildActionMask = 2147483647;
			files = (
				55AB525A23210A08000B576B /* NSString+ZHEmptyChecking.m in Sources */,
				55AB5244232109BA000B576B /* ViewController.m in Sources */,
				55AB524A232109BA000B576B /* ZHEmptyChecking.xcdatamodeld in Sources */,
				55AB5252232109BD000B576B /* main.m in Sources */,
				55AB5241232109BA000B576B /* AppDelegate.m in Sources */,
			);
			runOnlyForDeploymentPostprocessing = 0;
		};
/* End PBXSourcesBuildPhase section */

/* Begin PBXVariantGroup section */
		55AB5245232109BA000B576B /* Main.storyboard */ = {
			isa = PBXVariantGroup;
			children = (
				55AB5246232109BA000B576B /* Base */,
			);
			name = Main.storyboard;
			sourceTree = "<group>";
		};
		55AB524D232109BD000B576B /* LaunchScreen.storyboard */ = {
			isa = PBXVariantGroup;
			children = (
				55AB524E232109BD000B576B /* Base */,
			);
			name = LaunchScreen.storyboard;
			sourceTree = "<group>";
		};
/* End PBXVariantGroup section */

/* Begin XCBuildConfiguration section */
		55AB5253232109BD000B576B /* Debug */ = {
			isa = XCBuildConfiguration;
			buildSettings = {
				ALWAYS_SEARCH_USER_PATHS = NO;
				CLANG_ANALYZER_NONNULL = YES;
				CLANG_ANALYZER_NUMBER_OBJECT_CONVERSION = YES_AGGRESSIVE;
				CLANG_CXX_LANGUAGE_STANDARD = "gnu++14";
				CLANG_CXX_LIBRARY = "libc++";
				CLANG_ENABLE_MODULES = YES;
				CLANG_ENABLE_OBJC_ARC = YES;
				CLANG_ENABLE_OBJC_WEAK = YES;
				CLANG_WARN_BLOCK_CAPTURE_AUTORELEASING = YES;
				CLANG_WARN_BOOL_CONVERSION = YES;
				CLANG_WARN_COMMA = YES;
				CLANG_WARN_CONSTANT_CONVERSION = YES;
				CLANG_WARN_DEPRECATED_OBJC_IMPLEMENTATIONS = YES;
				CLANG_WARN_DIRECT_OBJC_ISA_USAGE = YES_ERROR;
				CLANG_WARN_DOCUMENTATION_COMMENTS = YES;
				CLANG_WARN_EMPTY_BODY = YES;
				CLANG_WARN_ENUM_CONVERSION = YES;
				CLANG_WARN_INFINITE_RECURSION = YES;
				CLANG_WARN_INT_CONVERSION = YES;
				CLANG_WARN_NON_LITERAL_NULL_CONVERSION = YES;
				CLANG_WARN_OBJC_IMPLICIT_RETAIN_SELF = YES;
				CLANG_WARN_OBJC_LITERAL_CONVERSION = YES;
				CLANG_WARN_OBJC_ROOT_CLASS = YES_ERROR;
				CLANG_WARN_RANGE_LOOP_ANALYSIS = YES;
				CLANG_WARN_STRICT_PROTOTYPES = YES;
				CLANG_WARN_SUSPICIOUS_MOVE = YES;
				CLANG_WARN_UNGUARDED_AVAILABILITY = YES_AGGRESSIVE;
				CLANG_WARN_UNREACHABLE_CODE = YES;
				CLANG_WARN__DUPLICATE_METHOD_MATCH = YES;
				CODE_SIGN_IDENTITY = "iPhone Developer";
				COPY_PHASE_STRIP = NO;
				DEBUG_INFORMATION_FORMAT = dwarf;
				ENABLE_STRICT_OBJC_MSGSEND = YES;
				ENABLE_TESTABILITY = YES;
				GCC_C_LANGUAGE_STANDARD = gnu11;
				GCC_DYNAMIC_NO_PIC = NO;
				GCC_NO_COMMON_BLOCKS = YES;
				GCC_OPTIMIZATION_LEVEL = 0;
				GCC_PREPROCESSOR_DEFINITIONS = (
					"DEBUG=1",
					"$(inherited)",
				);
				GCC_WARN_64_TO_32_BIT_CONVERSION = YES;
				GCC_WARN_ABOUT_RETURN_TYPE = YES_ERROR;
				GCC_WARN_UNDECLARED_SELECTOR = YES;
				GCC_WARN_UNINITIALIZED_AUTOS = YES_AGGRESSIVE;
				GCC_WARN_UNUSED_FUNCTION = YES;
				GCC_WARN_UNUSED_VARIABLE = YES;
				IPHONEOS_DEPLOYMENT_TARGET = 12.1;
				MTL_ENABLE_DEBUG_INFO = INCLUDE_SOURCE;
				MTL_FAST_MATH = YES;
				ONLY_ACTIVE_ARCH = YES;
				SDKROOT = iphoneos;
			};
			name = Debug;
		};
		55AB5254232109BD000B576B /* Release */ = {
			isa = XCBuildConfiguration;
			buildSettings = {
				ALWAYS_SEARCH_USER_PATHS = NO;
				CLANG_ANALYZER_NONNULL = YES;
				CLANG_ANALYZER_NUMBER_OBJECT_CONVERSION = YES_AGGRESSIVE;
				CLANG_CXX_LANGUAGE_STANDARD = "gnu++14";
				CLANG_CXX_LIBRARY = "libc++";
				CLANG_ENABLE_MODULES = YES;
				CLANG_ENABLE_OBJC_ARC = YES;
				CLANG_ENABLE_OBJC_WEAK = YES;
				CLANG_WARN_BLOCK_CAPTURE_AUTORELEASING = YES;
				CLANG_WARN_BOOL_CONVERSION = YES;
				CLANG_WARN_COMMA = YES;
				CLANG_WARN_CONSTANT_CONVERSION = YES;
				CLANG_WARN_DEPRECATED_OBJC_IMPLEMENTATIONS = YES;
				CLANG_WARN_DIRECT_OBJC_ISA_USAGE = YES_ERROR;
				CLANG_WARN_DOCUMENTATION_COMMENTS = YES;
				CLANG_WARN_EMPTY_BODY = YES;
				CLANG_WARN_ENUM_CONVERSION = YES;
				CLANG_WARN_INFINITE_RECURSION = YES;
				CLANG_WARN_INT_CONVERSION = YES;
				CLANG_WARN_NON_LITERAL_NULL_CONVERSION = YES;
				CLANG_WARN_OBJC_IMPLICIT_RETAIN_SELF = YES;
				CLANG_WARN_OBJC_LITERAL_CONVERSION = YES;
				CLANG_WARN_OBJC_ROOT_CLASS = YES_ERROR;
				CLANG_WARN_RANGE_LOOP_ANALYSIS = YES;
				CLANG_WARN_STRICT_PROTOTYPES = YES;
				CLANG_WARN_SUSPICIOUS_MOVE = YES;
				CLANG_WARN_UNGUARDED_AVAILABILITY = YES_AGGRESSIVE;
				CLANG_WARN_UNREACHABLE_CODE = YES;
				CLANG_WARN__DUPLICATE_METHOD_MATCH = YES;
				CODE_SIGN_IDENTITY = "iPhone Developer";
				COPY_PHASE_STRIP = NO;
				DEBUG_INFORMATION_FORMAT = "dwarf-with-dsym";
				ENABLE_NS_ASSERTIONS = NO;
				ENABLE_STRICT_OBJC_MSGSEND = YES;
				GCC_C_LANGUAGE_STANDARD = gnu11;
				GCC_NO_COMMON_BLOCKS = YES;
				GCC_WARN_64_TO_32_BIT_CONVERSION = YES;
				GCC_WARN_ABOUT_RETURN_TYPE = YES_ERROR;
				GCC_WARN_UNDECLARED_SELECTOR = YES;
				GCC_WARN_UNINITIALIZED_AUTOS = YES_AGGRESSIVE;
				GCC_WARN_UNUSED_FUNCTION = YES;
				GCC_WARN_UNUSED_VARIABLE = YES;
				IPHONEOS_DEPLOYMENT_TARGET = 12.1;
				MTL_ENABLE_DEBUG_INFO = NO;
				MTL_FAST_MATH = YES;
				SDKROOT = iphoneos;
				VALIDATE_PRODUCT = YES;
			};
			name = Release;
		};
		55AB5256232109BD000B576B /* Debug */ = {
			isa = XCBuildConfiguration;
			buildSettings = {
				ASSETCATALOG_COMPILER_APPICON_NAME = AppIcon;
				CODE_SIGN_STYLE = Automatic;
				DEVELOPMENT_TEAM = 48V5PWW5RH;
				INFOPLIST_FILE = ZHEmptyChecking/Info.plist;
				IPHONEOS_DEPLOYMENT_TARGET = 9.0;
				LD_RUNPATH_SEARCH_PATHS = (
					"$(inherited)",
					"@executable_path/Frameworks",
				);
				PRODUCT_BUNDLE_IDENTIFIER = com.Massky.ZHEmptyChecking;
				PRODUCT_NAME = "$(TARGET_NAME)";
				TARGETED_DEVICE_FAMILY = "1,2";
			};
			name = Debug;
		};
		55AB5257232109BD000B576B /* Release */ = {
			isa = XCBuildConfiguration;
			buildSettings = {
				ASSETCATALOG_COMPILER_APPICON_NAME = AppIcon;
				CODE_SIGN_STYLE = Automatic;
				DEVELOPMENT_TEAM = 48V5PWW5RH;
				INFOPLIST_FILE = ZHEmptyChecking/Info.plist;
				IPHONEOS_DEPLOYMENT_TARGET = 9.0;
				LD_RUNPATH_SEARCH_PATHS = (
					"$(inherited)",
					"@executable_path/Frameworks",
				);
				PRODUCT_BUNDLE_IDENTIFIER = com.Massky.ZHEmptyChecking;
				PRODUCT_NAME = "$(TARGET_NAME)";
				TARGETED_DEVICE_FAMILY = "1,2";
			};
			name = Release;
		};
/* End XCBuildConfiguration section */

/* Begin XCConfigurationList section */
		55AB5237232109BA000B576B /* Build configuration list for PBXProject "ZHEmptyChecking" */ = {
			isa = XCConfigurationList;
			buildConfigurations = (
				55AB5253232109BD000B576B /* Debug */,
				55AB5254232109BD000B576B /* Release */,
			);
			defaultConfigurationIsVisible = 0;
			defaultConfigurationName = Release;
		};
		55AB5255232109BD000B576B /* Build configuration list for PBXNativeTarget "ZHEmptyChecking" */ = {
			isa = XCConfigurationList;
			buildConfigurations = (
				55AB5256232109BD000B576B /* Debug */,
				55AB5257232109BD000B576B /* Release */,
			);
			defaultConfigurationIsVisible = 0;
			defaultConfigurationName = Release;
		};
/* End XCConfigurationList section */

/* Begin XCVersionGroup section */
		55AB5248232109BA000B576B /* ZHEmptyChecking.xcdatamodeld */ = {
			isa = XCVersionGroup;
			children = (
				55AB5249232109BA000B576B /* ZHEmptyChecking.xcdatamodel */,
			);
			currentVersion = 55AB5249232109BA000B576B /* ZHEmptyChecking.xcdatamodel */;
			path = ZHEmptyChecking.xcdatamodeld;
			sourceTree = "<group>";
			versionGroupType = wrapper.xcdatamodel;
		};
/* End XCVersionGroup section */
	};
	rootObject = 55AB5234232109BA000B576B /* Project object */;
}
